GEM
  remote: https://rubygems.org/
  specs:
    actionmailer (4.1.16)
      actionpack (= 4.1.16)
      actionview (= 4.1.16)
      mail (~> 2.5, >= 2.5.4)
    actionpack (4.1.16)
      actionview (= 4.1.16)
      activesupport (= 4.1.16)
      rack (~> 1.5, >= 1.5.2)
      rack-test (~> 0.6.2)
    actionview (4.1.16)
      activesupport (= 4.1.16)
    activemodel (4.1.16)
      activesupport (= 4.1.16)
    activerecord (4.1.16)
      activemodel (= 4.1.16)
      activesupport (= 4.1.16)
    activesupport (4.1.16)
    devise (3.4.0)
      bcrypt (~> 3.0)
      railties (>= 3.2.6, < 5)
    nokogiri (1.6.0)
    puma (3.6.0)
    rack (1.6.0)
    rack-test (0.6.3)
      rack (>= 1.0)
    rails (4.1.16)
      actionmailer (= 4.1.16)
      actionpack (= 4.1.16)
      actionview (= 4.1.16)
      activerecord (= 4.1.16)
      activesupport (= 4.1.16)
      railties (= 4.1.16)
    railties (4.1.16)
      actionpack (= 4.1.16)
      activesupport (= 4.1.16)
    bcrypt (3.1.11)

PLATFORMS
  ruby

DEPENDENCIES
  devise (= 3.4.0)
  nokogiri (= 1.6.0)
  puma (= 3.6.0)
  rack (= 1.6.0)
  rails (= 4.1.16)

BUNDLED WITH
   1.17.3
